// !$*UTF8*$!
{
	archiveVersion = 1;
	classes = {
	};
	objectVersion = 46;
	objects = {

/* Begin PBXBuildFile section */
		BA7F3B731D3F0B6D001B4893 /* main.m in Sources */ = {isa = PBXBuildFile; fileRef = BA7F3B721D3F0B6D001B4893 /* main.m */; };
		BA7F3B761D3F0B6D001B4893 /* AppDelegate.m in Sources */ = {isa = PBXBuildFile; fileRef = BA7F3B751D3F0B6D001B4893 /* AppDelegate.m */; };
		BA7F3B791D3F0B6D001B4893 /* ViewController.m in Sources */ = {isa = PBXBuildFile; fileRef = BA7F3B781D3F0B6D001B4893 /* ViewController.m */; };
		BA7F3B7C1D3F0B6D001B4893 /* Main.storyboard in Resources */ = {isa = PBXBuildFile; fileRef = BA7F3B7A1D3F0B6D001B4893 /* Main.storyboard */; };
		BA7F3B7F1D3F0B6D001B4893 /* voicestopwatch.xcdatamodeld in Sources */ = {isa = PBXBuildFile; fileRef = BA7F3B7D1D3F0B6D001B4893 /* voicestopwatch.xcdatamodeld */; };
		BA7F3B811D3F0B6D001B4893 /* Assets.xcassets in Resources */ = {isa = PBXBuildFile; fileRef = BA7F3B801D3F0B6D001B4893 /* Assets.xcassets */; };
		BA7F3B841D3F0B6D001B4893 /* LaunchScreen.storyboard in Resources */ = {isa = PBXBuildFile; fileRef = BA7F3B821D3F0B6D001B4893 /* LaunchScreen.storyboard */; };
		BA7F3B8F1D3F0B6D001B4893 /* voicestopwatchTests.m in Sources */ = {isa = PBXBuildFile; fileRef = BA7F3B8E1D3F0B6D001B4893 /* voicestopwatchTests.m */; };
		BA7F3B9A1D3F0B6D001B4893 /* voicestopwatchUITests.m in Sources */ = {isa = PBXBuildFile; fileRef = BA7F3B991D3F0B6D001B4893 /* voicestopwatchUITests.m */; };
		BA7F3BAB1D3F0C0C001B4893 /* AcousticModelEnglish.bundle in Resources */ = {isa = PBXBuildFile; fileRef = BA7F3BA81D3F0C0C001B4893 /* AcousticModelEnglish.bundle */; };
		BA7F3BAC1D3F0C0C001B4893 /* OpenEars.framework in Frameworks */ = {isa = PBXBuildFile; fileRef = BA7F3BA91D3F0C0C001B4893 /* OpenEars.framework */; };
		BA7F3BAD1D3F0C0C001B4893 /* Slt.framework in Frameworks */ = {isa = PBXBuildFile; fileRef = BA7F3BAA1D3F0C0C001B4893 /* Slt.framework */; };
		BA7F3BB01D3F0C5B001B4893 /* AudioToolbox.framework in Frameworks */ = {isa = PBXBuildFile; fileRef = BA7F3BAE1D3F0C5B001B4893 /* AudioToolbox.framework */; };
		BA7F3BB11D3F0C5B001B4893 /* AVFoundation.framework in Frameworks */ = {isa = PBXBuildFile; fileRef = BA7F3BAF1D3F0C5B001B4893 /* AVFoundation.framework */; };
/* End PBXBuildFile section */

/* Begin PBXContainerItemProxy section */
		BA7F3B8B1D3F0B6D001B4893 /* PBXContainerItemProxy */ = {
			isa = PBXContainerItemProxy;
			containerPortal = BA7F3B661D3F0B6D001B4893 /* Project object */;
			proxyType = 1;
			remoteGlobalIDString = BA7F3B6D1D3F0B6D001B4893;
			remoteInfo = voicestopwatch;
		};
		BA7F3B961D3F0B6D001B4893 /* PBXContainerItemProxy */ = {
			isa = PBXContainerItemProxy;
			containerPortal = BA7F3B661D3F0B6D001B4893 /* Project object */;
			proxyType = 1;
			remoteGlobalIDString = BA7F3B6D1D3F0B6D001B4893;
			remoteInfo = voicestopwatch;
		};
/* End PBXContainerItemProxy section */

/* Begin PBXFileReference section */
		BA7F3B6E1D3F0B6D001B4893 /* voicestopwatch.app */ = {isa = PBXFileReference; explicitFileType = wrapper.application; includeInIndex = 0; path = voicestopwatch.app; sourceTree = BUILT_PRODUCTS_DIR; };
		BA7F3B721D3F0B6D001B4893 /* main.m */ = {isa = PBXFileReference; lastKnownFileType = sourcecode.c.objc; path = main.m; sourceTree = "<group>"; };
		BA7F3B741D3F0B6D001B4893 /* AppDelegate.h */ = {isa = PBXFileReference; lastKnownFileType = sourcecode.c.h; path = AppDelegate.h; sourceTree = "<group>"; };
		BA7F3B751D3F0B6D001B4893 /* AppDelegate.m */ = {isa = PBXFileReference; lastKnownFileType = sourcecode.c.objc; path = AppDelegate.m; sourceTree = "<group>"; };
		BA7F3B771D3F0B6D001B4893 /* ViewController.h */ = {isa = PBXFileReference; lastKnownFileType = sourcecode.c.h; path = ViewController.h; sourceTree = "<group>"; };
		BA7F3B781D3F0B6D001B4893 /* ViewController.m */ = {isa = PBXFileReference; lastKnownFileType = sourcecode.c.objc; path = ViewController.m; sourceTree = "<group>"; };
		BA7F3B7B1D3F0B6D001B4893 /* Base */ = {isa = PBXFileReference; lastKnownFileType = file.storyboard; name = Base; path = Base.lproj/Main.storyboard; sourceTree = "<group>"; };
		BA7F3B7E1D3F0B6D001B4893 /* voicestopwatch.xcdatamodel */ = {isa = PBXFileReference; lastKnownFileType = wrapper.xcdatamodel; path = voicestopwatch.xcdatamodel; sourceTree = "<group>"; };
		BA7F3B801D3F0B6D001B4893 /* Assets.xcassets */ = {isa = PBXFileReference; lastKnownFileType = folder.assetcatalog; path = Assets.xcassets; sourceTree = "<group>"; };
		BA7F3B831D3F0B6D001B4893 /* Base */ = {isa = PBXFileReference; lastKnownFileType = file.storyboard; name = Base; path = Base.lproj/LaunchScreen.storyboard; sourceTree = "<group>"; };
		BA7F3B851D3F0B6D001B4893 /* Info.plist */ = {isa = PBXFileReference; lastKnownFileType = text.plist.xml; path = Info.plist; sourceTree = "<group>"; };
		BA7F3B8A1D3F0B6D001B4893 /* voicestopwatchTests.xctest */ = {isa = PBXFileReference; explicitFileType = wrapper.cfbundle; includeInIndex = 0; path = voicestopwatchTests.xctest; sourceTree = BUILT_PRODUCTS_DIR; };
		BA7F3B8E1D3F0B6D001B4893 /* voicestopwatchTests.m */ = {isa = PBXFileReference; lastKnownFileType = sourcecode.c.objc; path = voicestopwatchTests.m; sourceTree = "<group>"; };
		BA7F3B901D3F0B6D001B4893 /* Info.plist */ = {isa = PBXFileReference; lastKnownFileType = text.plist.xml; path = Info.plist; sourceTree = "<group>"; };
		BA7F3B951D3F0B6D001B4893 /* voicestopwatchUITests.xctest */ = {isa = PBXFileReference; explicitFileType = wrapper.cfbundle; includeInIndex = 0; path = voicestopwatchUITests.xctest; sourceTree = BUILT_PRODUCTS_DIR; };
		BA7F3B991D3F0B6D001B4893 /* voicestopwatchUITests.m */ = {isa = PBXFileReference; lastKnownFileType = sourcecode.c.objc; path = voicestopwatchUITests.m; sourceTree = "<group>"; };
		BA7F3B9B1D3F0B6D001B4893 /* Info.plist */ = {isa = PBXFileReference; lastKnownFileType = text.plist.xml; path = Info.plist; sourceTree = "<group>"; };
		BA7F3BA81D3F0C0C001B4893 /* AcousticModelEnglish.bundle */ = {isa = PBXFileReference; lastKnownFileType = "wrapper.plug-in"; path = AcousticModelEnglish.bundle; sourceTree = "<group>"; };
		BA7F3BA91D3F0C0C001B4893 /* OpenEars.framework */ = {isa = PBXFileReference; lastKnownFileType = wrapper.framework; path = OpenEars.framework; sourceTree = "<group>"; };
		BA7F3BAA1D3F0C0C001B4893 /* Slt.framework */ = {isa = PBXFileReference; lastKnownFileType = wrapper.framework; path = Slt.framework; sourceTree = "<group>"; };
		BA7F3BAE1D3F0C5B001B4893 /* AudioToolbox.framework */ = {isa = PBXFileReference; lastKnownFileType = wrapper.framework; name = AudioToolbox.framework; path = System/Library/Frameworks/AudioToolbox.framework; sourceTree = SDKROOT; };
		BA7F3BAF1D3F0C5B001B4893 /* AVFoundation.framework */ = {isa = PBXFileReference; lastKnownFileType = wrapper.framework; name = AVFoundation.framework; path = System/Library/Frameworks/AVFoundation.framework; sourceTree = SDKROOT; };
/* End PBXFileReference section */

/* Begin PBXFrameworksBuildPhase section */
		BA7F3B6B1D3F0B6D001B4893 /* Frameworks */ = {
			isa = PBXFrameworksBuildPhase;
			buildActionMask = 2147483647;
			files = (
				BA7F3BB01D3F0C5B001B4893 /* AudioToolbox.framework in Frameworks */,
				BA7F3BB11D3F0C5B001B4893 /* AVFoundation.framework in Frameworks */,
				BA7F3BAD1D3F0C0C001B4893 /* Slt.framework in Frameworks */,
				BA7F3BAC1D3F0C0C001B4893 /* OpenEars.framework in Frameworks */,
			);
			runOnlyForDeploymentPostprocessing = 0;
		};
		BA7F3B871D3F0B6D001B4893 /* Frameworks */ = {
			isa = PBXFrameworksBuildPhase;
			buildActionMask = 2147483647;
			files = (
			);
			runOnlyForDeploymentPostprocessing = 0;
		};
		BA7F3B921D3F0B6D001B4893 /* Frameworks */ = {
			isa = PBXFrameworksBuildPhase;
			buildActionMask = 2147483647;
			files = (
			);
			runOnlyForDeploymentPostprocessing = 0;
		};
/* End PBXFrameworksBuildPhase section */

/* Begin PBXGroup section */
		BA7F3B651D3F0B6D001B4893 = {
			isa = PBXGroup;
			children = (
				BA7F3BAE1D3F0C5B001B4893 /* AudioToolbox.framework */,
				BA7F3BAF1D3F0C5B001B4893 /* AVFoundation.framework */,
				BA7F3BA71D3F0C0C001B4893 /* Framework */,
				BA7F3B701D3F0B6D001B4893 /* voicestopwatch */,
				BA7F3B8D1D3F0B6D001B4893 /* voicestopwatchTests */,
				BA7F3B981D3F0B6D001B4893 /* voicestopwatchUITests */,
				BA7F3B6F1D3F0B6D001B4893 /* Products */,
			);
			sourceTree = "<group>";
		};
		BA7F3B6F1D3F0B6D001B4893 /* Products */ = {
			isa = PBXGroup;
			children = (
				BA7F3B6E1D3F0B6D001B4893 /* voicestopwatch.app */,
				BA7F3B8A1D3F0B6D001B4893 /* voicestopwatchTests.xctest */,
				BA7F3B951D3F0B6D001B4893 /* voicestopwatchUITests.xctest */,
			);
			name = Products;
			sourceTree = "<group>";
		};
		BA7F3B701D3F0B6D001B4893 /* voicestopwatch */ = {
			isa = PBXGroup;
			children = (
				BA7F3B741D3F0B6D001B4893 /* AppDelegate.h */,
				BA7F3B751D3F0B6D001B4893 /* AppDelegate.m */,
				BA7F3B771D3F0B6D001B4893 /* ViewController.h */,
				BA7F3B781D3F0B6D001B4893 /* ViewController.m */,
				BA7F3B7A1D3F0B6D001B4893 /* Main.storyboard */,
				BA7F3B801D3F0B6D001B4893 /* Assets.xcassets */,
				BA7F3B821D3F0B6D001B4893 /* LaunchScreen.storyboard */,
				BA7F3B851D3F0B6D001B4893 /* Info.plist */,
				BA7F3B7D1D3F0B6D001B4893 /* voicestopwatch.xcdatamodeld */,
				BA7F3B711D3F0B6D001B4893 /* Supporting Files */,
			);
			path = voicestopwatch;
			sourceTree = "<group>";
		};
		BA7F3B711D3F0B6D001B4893 /* Supporting Files */ = {
			isa = PBXGroup;
			children = (
				BA7F3B721D3F0B6D001B4893 /* main.m */,
			);
			name = "Supporting Files";
			sourceTree = "<group>";
		};
		BA7F3B8D1D3F0B6D001B4893 /* voicestopwatchTests */ = {
			isa = PBXGroup;
			children = (
				BA7F3B8E1D3F0B6D001B4893 /* voicestopwatchTests.m */,
				BA7F3B901D3F0B6D001B4893 /* Info.plist */,
			);
			path = voicestopwatchTests;
			sourceTree = "<group>";
		};
		BA7F3B981D3F0B6D001B4893 /* voicestopwatchUITests */ = {
			isa = PBXGroup;
			children = (
				BA7F3B991D3F0B6D001B4893 /* voicestopwatchUITests.m */,
				BA7F3B9B1D3F0B6D001B4893 /* Info.plist */,
			);
			path = voicestopwatchUITests;
			sourceTree = "<group>";
		};
		BA7F3BA71D3F0C0C001B4893 /* Framework */ = {
			isa = PBXGroup;
			children = (
				BA7F3BA81D3F0C0C001B4893 /* AcousticModelEnglish.bundle */,
				BA7F3BA91D3F0C0C001B4893 /* OpenEars.framework */,
				BA7F3BAA1D3F0C0C001B4893 /* Slt.framework */,
			);
			path = Framework;
			sourceTree = "<group>";
		};
/* End PBXGroup section */

/* Begin PBXNativeTarget section */
		BA7F3B6D1D3F0B6D001B4893 /* voicestopwatch */ = {
			isa = PBXNativeTarget;
			buildConfigurationList = BA7F3B9E1D3F0B6D001B4893 /* Build configuration list for PBXNativeTarget "voicestopwatch" */;
			buildPhases = (
				BA7F3B6A1D3F0B6D001B4893 /* Sources */,
				BA7F3B6B1D3F0B6D001B4893 /* Frameworks */,
				BA7F3B6C1D3F0B6D001B4893 /* Resources */,
			);
			buildRules = (
			);
			dependencies = (
			);
			name = voicestopwatch;
			productName = voicestopwatch;
			productReference = BA7F3B6E1D3F0B6D001B4893 /* voicestopwatch.app */;
			productType = "com.apple.product-type.application";
		};
		BA7F3B891D3F0B6D001B4893 /* voicestopwatchTests */ = {
			isa = PBXNativeTarget;
			buildConfigurationList = BA7F3BA11D3F0B6D001B4893 /* Build configuration list for PBXNativeTarget "voicestopwatchTests" */;
			buildPhases = (
				BA7F3B861D3F0B6D001B4893 /* Sources */,
				BA7F3B871D3F0B6D001B4893 /* Frameworks */,
				BA7F3B881D3F0B6D001B4893 /* Resources */,
			);
			buildRules = (
			);
			dependencies = (
				BA7F3B8C1D3F0B6D001B4893 /* PBXTargetDependency */,
			);
			name = voicestopwatchTests;
			productName = voicestopwatchTests;
			productReference = BA7F3B8A1D3F0B6D001B4893 /* voicestopwatchTests.xctest */;
			productType = "com.apple.product-type.bundle.unit-test";
		};
		BA7F3B941D3F0B6D001B4893 /* voicestopwatchUITests */ = {
			isa = PBXNativeTarget;
			buildConfigurationList = BA7F3BA41D3F0B6D001B4893 /* Build configuration list for PBXNativeTarget "voicestopwatchUITests" */;
			buildPhases = (
				BA7F3B911D3F0B6D001B4893 /* Sources */,
				BA7F3B921D3F0B6D001B4893 /* Frameworks */,
				BA7F3B931D3F0B6D001B4893 /* Resources */,
			);
			buildRules = (
			);
			dependencies = (
				BA7F3B971D3F0B6D001B4893 /* PBXTargetDependency */,
			);
			name = voicestopwatchUITests;
			productName = voicestopwatchUITests;
			productReference = BA7F3B951D3F0B6D001B4893 /* voicestopwatchUITests.xctest */;
			productType = "com.apple.product-type.bundle.ui-testing";
		};
/* End PBXNativeTarget section */

/* Begin PBXProject section */
		BA7F3B661D3F0B6D001B4893 /* Project object */ = {
			isa = PBXProject;
			attributes = {
				LastUpgradeCheck = 0820;
				ORGANIZATIONNAME = junesiphone;
				TargetAttributes = {
					BA7F3B6D1D3F0B6D001B4893 = {
						CreatedOnToolsVersion = 7.3.1;
						DevelopmentTeam = PJ68SD7J5J;
						ProvisioningStyle = Automatic;
					};
					BA7F3B891D3F0B6D001B4893 = {
						CreatedOnToolsVersion = 7.3.1;
						DevelopmentTeam = PJ68SD7J5J;
						TestTargetID = BA7F3B6D1D3F0B6D001B4893;
					};
					BA7F3B941D3F0B6D001B4893 = {
						CreatedOnToolsVersion = 7.3.1;
						DevelopmentTeam = PJ68SD7J5J;
						TestTargetID = BA7F3B6D1D3F0B6D001B4893;
					};
				};
			};
			buildConfigurationList = BA7F3B691D3F0B6D001B4893 /* Build configuration list for PBXProject "voicestopwatch" */;
			compatibilityVersion = "Xcode 3.2";
			developmentRegion = English;
			hasScannedForEncodings = 0;
			knownRegions = (
				en,
				Base,
			);
			mainGroup = BA7F3B651D3F0B6D001B4893;
			productRefGroup = BA7F3B6F1D3F0B6D001B4893 /* Products */;
			projectDirPath = "";
			projectRoot = "";
			targets = (
				BA7F3B6D1D3F0B6D001B4893 /* voicestopwatch */,
				BA7F3B891D3F0B6D001B4893 /* voicestopwatchTests */,
				BA7F3B941D3F0B6D001B4893 /* voicestopwatchUITests */,
			);
		};
/* End PBXProject section */

/* Begin PBXResourcesBuildPhase section */
		BA7F3B6C1D3F0B6D001B4893 /* Resources */ = {
			isa = PBXResourcesBuildPhase;
			buildActionMask = 2147483647;
			files = (
				BA7F3B841D3F0B6D001B4893 /* LaunchScreen.storyboard in Resources */,
				BA7F3BAB1D3F0C0C001B4893 /* AcousticModelEnglish.bundle in Resources */,
				BA7F3B811D3F0B6D001B4893 /* Assets.xcassets in Resources */,
				BA7F3B7C1D3F0B6D001B4893 /* Main.storyboard in Resources */,
			);
			runOnlyForDeploymentPostprocessing = 0;
		};
		BA7F3B881D3F0B6D001B4893 /* Resources */ = {
			isa = PBXResourcesBuildPhase;
			buildActionMask = 2147483647;
			files = (
			);
			runOnlyForDeploymentPostprocessing = 0;
		};
		BA7F3B931D3F0B6D001B4893 /* Resources */ = {
			isa = PBXResourcesBuildPhase;
			buildActionMask = 2147483647;
			files = (
			);
			runOnlyForDeploymentPostprocessing = 0;
		};
/* End PBXResourcesBuildPhase section */

/* Begin PBXSourcesBuildPhase section */
		BA7F3B6A1D3F0B6D001B4893 /* Sources */ = {
			isa = PBXSourcesBuildPhase;
			buildActionMask = 2147483647;
			files = (
				BA7F3B791D3F0B6D001B4893 /* ViewController.m in Sources */,
				BA7F3B761D3F0B6D001B4893 /* AppDelegate.m in Sources */,
				BA7F3B7F1D3F0B6D001B4893 /* voicestopwatch.xcdatamodeld in Sources */,
				BA7F3B731D3F0B6D001B4893 /* main.m in Sources */,
			);
			runOnlyForDeploymentPostprocessing = 0;
		};
		BA7F3B861D3F0B6D001B4893 /* Sources */ = {
			isa = PBXSourcesBuildPhase;
			buildActionMask = 2147483647;
			files = (
				BA7F3B8F1D3F0B6D001B4893 /* voicestopwatchTests.m in Sources */,
			);
			runOnlyForDeploymentPostprocessing = 0;
		};
		BA7F3B911D3F0B6D001B4893 /* Sources */ = {
			isa = PBXSourcesBuildPhase;
			buildActionMask = 2147483647;
			files = (
				BA7F3B9A1D3F0B6D001B4893 /* voicestopwatchUITests.m in Sources */,
			);
			runOnlyForDeploymentPostprocessing = 0;
		};
/* End PBXSourcesBuildPhase section */

/* Begin PBXTargetDependency section */
		BA7F3B8C1D3F0B6D001B4893 /* PBXTargetDependency */ = {
			isa = PBXTargetDependency;
			target = BA7F3B6D1D3F0B6D001B4893 /* voicestopwatch */;
			targetProxy = BA7F3B8B1D3F0B6D001B4893 /* PBXContainerItemProxy */;
		};
		BA7F3B971D3F0B6D001B4893 /* PBXTargetDependency */ = {
			isa = PBXTargetDependency;
			target = BA7F3B6D1D3F0B6D001B4893 /* voicestopwatch */;
			targetProxy = BA7F3B961D3F0B6D001B4893 /* PBXContainerItemProxy */;
		};
/* End PBXTargetDependency section */

/* Begin PBXVariantGroup section */
		BA7F3B7A1D3F0B6D001B4893 /* Main.storyboard */ = {
			isa = PBXVariantGroup;
			children = (
				BA7F3B7B1D3F0B6D001B4893 /* Base */,
			);
			name = Main.storyboard;
			sourceTree = "<group>";
		};
		BA7F3B821D3F0B6D001B4893 /* LaunchScreen.storyboard */ = {
			isa = PBXVariantGroup;
			children = (
				BA7F3B831D3F0B6D001B4893 /* Base */,
			);
			name = LaunchScreen.storyboard;
			sourceTree = "<group>";
		};
/* End PBXVariantGroup section */

/* Begin XCBuildConfiguration section */
		BA7F3B9C1D3F0B6D001B4893 /* Debug */ = {
			isa = XCBuildConfiguration;
			buildSettings = {
				ALWAYS_SEARCH_USER_PATHS = NO;
				CLANG_ANALYZER_NONNULL = YES;
				CLANG_CXX_LANGUAGE_STANDARD = "gnu++0x";
				CLANG_CXX_LIBRARY = "libc++";
				CLANG_ENABLE_MODULES = YES;
				CLANG_ENABLE_OBJC_ARC = YES;
				CLANG_WARN_BOOL_CONVERSION = YES;
				CLANG_WARN_CONSTANT_CONVERSION = YES;
				CLANG_WARN_DIRECT_OBJC_ISA_USAGE = YES_ERROR;
				CLANG_WARN_EMPTY_BODY = YES;
				CLANG_WARN_ENUM_CONVERSION = YES;
				CLANG_WARN_INFINITE_RECURSION = YES;
				CLANG_WARN_INT_CONVERSION = YES;
				CLANG_WARN_OBJC_ROOT_CLASS = YES_ERROR;
				CLANG_WARN_SUSPICIOUS_MOVE = YES;
				CLANG_WARN_UNREACHABLE_CODE = YES;
				CLANG_WARN__DUPLICATE_METHOD_MATCH = YES;
				"CODE_SIGN_IDENTITY[sdk=iphoneos*]" = "iPhone Developer";
				COPY_PHASE_STRIP = NO;
				DEBUG_INFORMATION_FORMAT = dwarf;
				ENABLE_STRICT_OBJC_MSGSEND = YES;
				ENABLE_TESTABILITY = YES;
				GCC_C_LANGUAGE_STANDARD = gnu99;
				GCC_DYNAMIC_NO_PIC = NO;
				GCC_NO_COMMON_BLOCKS = YES;
				GCC_OPTIMIZATION_LEVEL = 0;
				GCC_PREPROCESSOR_DEFINITIONS = (
					"DEBUG=1",
					"$(inherited)",
				);
				GCC_WARN_64_TO_32_BIT_CONVERSION = YES;
				GCC_WARN_ABOUT_RETURN_TYPE = YES_ERROR;
				GCC_WARN_UNDECLARED_SELECTOR = YES;
				GCC_WARN_UNINITIALIZED_AUTOS = YES_AGGRESSIVE;
				GCC_WARN_UNUSED_FUNCTION = YES;
				GCC_WARN_UNUSED_VARIABLE = YES;
				IPHONEOS_DEPLOYMENT_TARGET = 9.3;
				MTL_ENABLE_DEBUG_INFO = YES;
				ONLY_ACTIVE_ARCH = YES;
				SDKROOT = iphoneos;
			};
			name = Debug;
		};
		BA7F3B9D1D3F0B6D001B4893 /* Release */ = {
			isa = XCBuildConfiguration;
			buildSettings = {
				ALWAYS_SEARCH_USER_PATHS = NO;
				CLANG_ANALYZER_NONNULL = YES;
				CLANG_CXX_LANGUAGE_STANDARD = "gnu++0x";
				CLANG_CXX_LIBRARY = "libc++";
				CLANG_ENABLE_MODULES = YES;
				CLANG_ENABLE_OBJC_ARC = YES;
				CLANG_WARN_BOOL_CONVERSION = YES;
				CLANG_WARN_CONSTANT_CONVERSION = YES;
				CLANG_WARN_DIRECT_OBJC_ISA_USAGE = YES_ERROR;
				CLANG_WARN_EMPTY_BODY = YES;
				CLANG_WARN_ENUM_CONVERSION = YES;
				CLANG_WARN_INFINITE_RECURSION = YES;
				CLANG_WARN_INT_CONVERSION = YES;
				CLANG_WARN_OBJC_ROOT_CLASS = YES_ERROR;
				CLANG_WARN_SUSPICIOUS_MOVE = YES;
				CLANG_WARN_UNREACHABLE_CODE = YES;
				CLANG_WARN__DUPLICATE_METHOD_MATCH = YES;
				"CODE_SIGN_IDENTITY[sdk=iphoneos*]" = "iPhone Developer";
				COPY_PHASE_STRIP = NO;
				DEBUG_INFORMATION_FORMAT = "dwarf-with-dsym";
				ENABLE_NS_ASSERTIONS = NO;
				ENABLE_STRICT_OBJC_MSGSEND = YES;
				GCC_C_LANGUAGE_STANDARD = gnu99;
				GCC_NO_COMMON_BLOCKS = YES;
				GCC_WARN_64_TO_32_BIT_CONVERSION = YES;
				GCC_WARN_ABOUT_RETURN_TYPE = YES_ERROR;
				GCC_WARN_UNDECLARED_SELECTOR = YES;
				GCC_WARN_UNINITIALIZED_AUTOS = YES_AGGRESSIVE;
				GCC_WARN_UNUSED_FUNCTION = YES;
				GCC_WARN_UNUSED_VARIABLE = YES;
				IPHONEOS_DEPLOYMENT_TARGET = 9.3;
				MTL_ENABLE_DEBUG_INFO = NO;
				SDKROOT = iphoneos;
				VALIDATE_PRODUCT = YES;
			};
			name = Release;
		};
		BA7F3B9F1D3F0B6D001B4893 /* Debug */ = {
			isa = XCBuildConfiguration;
			buildSettings = {
				ASSETCATALOG_COMPILER_APPICON_NAME = AppIcon;
				CODE_SIGN_IDENTITY = "";
				"CODE_SIGN_IDENTITY[sdk=iphoneos*]" = "iPhone Developer";
				DEVELOPMENT_TEAM = PJ68SD7J5J;
				FRAMEWORK_SEARCH_PATHS = (
					"$(inherited)",
					"$(PROJECT_DIR)/Framework",
				);
				INFOPLIST_FILE = voicestopwatch/Info.plist;
				IPHONEOS_DEPLOYMENT_TARGET = 8.0;
				LD_RUNPATH_SEARCH_PATHS = "$(inherited) @executable_path/Frameworks";
				PRODUCT_BUNDLE_IDENTIFIER = com.junesiphone.voicestopwatch;
				PRODUCT_NAME = "$(TARGET_NAME)";
				PROVISIONING_PROFILE = "";
			};
			name = Debug;
		};
		BA7F3BA01D3F0B6D001B4893 /* Release */ = {
			isa = XCBuildConfiguration;
			buildSettings = {
				ASSETCATALOG_COMPILER_APPICON_NAME = AppIcon;
				CODE_SIGN_IDENTITY = "";
				"CODE_SIGN_IDENTITY[sdk=iphoneos*]" = "iPhone Developer";
				DEVELOPMENT_TEAM = PJ68SD7J5J;
				FRAMEWORK_SEARCH_PATHS = (
					"$(inherited)",
					"$(PROJECT_DIR)/Framework",
				);
				INFOPLIST_FILE = voicestopwatch/Info.plist;
				IPHONEOS_DEPLOYMENT_TARGET = 8.0;
				LD_RUNPATH_SEARCH_PATHS = "$(inherited) @executable_path/Frameworks";
				PRODUCT_BUNDLE_IDENTIFIER = com.junesiphone.voicestopwatch;
				PRODUCT_NAME = "$(TARGET_NAME)";
				PROVISIONING_PROFILE = "";
			};
			name = Release;
		};
		BA7F3BA21D3F0B6D001B4893 /* Debug */ = {
			isa = XCBuildConfiguration;
			buildSettings = {
				BUNDLE_LOADER = "$(TEST_HOST)";
				INFOPLIST_FILE = voicestopwatchTests/Info.plist;
				LD_RUNPATH_SEARCH_PATHS = "$(inherited) @executable_path/Frameworks @loader_path/Frameworks";
				PRODUCT_BUNDLE_IDENTIFIER = com.junesiphone.voicestopwatchTests;
				PRODUCT_NAME = "$(TARGET_NAME)";
				TEST_HOST = "$(BUILT_PRODUCTS_DIR)/voicestopwatch.app/voicestopwatch";
			};
			name = Debug;
		};
		BA7F3BA31D3F0B6D001B4893 /* Release */ = {
			isa = XCBuildConfiguration;
			buildSettings = {
				BUNDLE_LOADER = "$(TEST_HOST)";
				INFOPLIST_FILE = voicestopwatchTests/Info.plist;
				LD_RUNPATH_SEARCH_PATHS = "$(inherited) @executable_path/Frameworks @loader_path/Frameworks";
				PRODUCT_BUNDLE_IDENTIFIER = com.junesiphone.voicestopwatchTests;
				PRODUCT_NAME = "$(TARGET_NAME)";
				TEST_HOST = "$(BUILT_PRODUCTS_DIR)/voicestopwatch.app/voicestopwatch";
			};
			name = Release;
		};
		BA7F3BA51D3F0B6D001B4893 /* Debug */ = {
			isa = XCBuildConfiguration;
			buildSettings = {
				INFOPLIST_FILE = voicestopwatchUITests/Info.plist;
				LD_RUNPATH_SEARCH_PATHS = "$(inherited) @executable_path/Frameworks @loader_path/Frameworks";
				PRODUCT_BUNDLE_IDENTIFIER = com.junesiphone.voicestopwatchUITests;
				PRODUCT_NAME = "$(TARGET_NAME)";
				TEST_TARGET_NAME = voicestopwatch;
			};
			name = Debug;
		};
		BA7F3BA61D3F0B6D001B4893 /* Release */ = {
			isa = XCBuildConfiguration;
			buildSettings = {
				INFOPLIST_FILE = voicestopwatchUITests/Info.plist;
				LD_RUNPATH_SEARCH_PATHS = "$(inherited) @executable_path/Frameworks @loader_path/Frameworks";
				PRODUCT_BUNDLE_IDENTIFIER = com.junesiphone.voicestopwatchUITests;
				PRODUCT_NAME = "$(TARGET_NAME)";
				TEST_TARGET_NAME = voicestopwatch;
			};
			name = Release;
		};
/* End XCBuildConfiguration section */

/* Begin XCConfigurationList section */
		BA7F3B691D3F0B6D001B4893 /* Build configuration list for PBXProject "voicestopwatch" */ = {
			isa = XCConfigurationList;
			buildConfigurations = (
				BA7F3B9C1D3F0B6D001B4893 /* Debug */,
				BA7F3B9D1D3F0B6D001B4893 /* Release */,
			);
			defaultConfigurationIsVisible = 0;
			defaultConfigurationName = Release;
		};
		BA7F3B9E1D3F0B6D001B4893 /* Build configuration list for PBXNativeTarget "voicestopwatch" */ = {
			isa = XCConfigurationList;
			buildConfigurations = (
				BA7F3B9F1D3F0B6D001B4893 /* Debug */,
				BA7F3BA01D3F0B6D001B4893 /* Release */,
			);
			defaultConfigurationIsVisible = 0;
			defaultConfigurationName = Release;
		};
		BA7F3BA11D3F0B6D001B4893 /* Build configuration list for PBXNativeTarget "voicestopwatchTests" */ = {
			isa = XCConfigurationList;
			buildConfigurations = (
				BA7F3BA21D3F0B6D001B4893 /* Debug */,
				BA7F3BA31D3F0B6D001B4893 /* Release */,
			);
			defaultConfigurationIsVisible = 0;
			defaultConfigurationName = Release;
		};
		BA7F3BA41D3F0B6D001B4893 /* Build configuration list for PBXNativeTarget "voicestopwatchUITests" */ = {
			isa = XCConfigurationList;
			buildConfigurations = (
				BA7F3BA51D3F0B6D001B4893 /* Debug */,
				BA7F3BA61D3F0B6D001B4893 /* Release */,
			);
			defaultConfigurationIsVisible = 0;
			defaultConfigurationName = Release;
		};
/* End XCConfigurationList section */

/* Begin XCVersionGroup section */
		BA7F3B7D1D3F0B6D001B4893 /* voicestopwatch.xcdatamodeld */ = {
			isa = XCVersionGroup;
			children = (
				BA7F3B7E1D3F0B6D001B4893 /* voicestopwatch.xcdatamodel */,
			);
			currentVersion = BA7F3B7E1D3F0B6D001B4893 /* voicestopwatch.xcdatamodel */;
			path = voicestopwatch.xcdatamodeld;
			sourceTree = "<group>";
			versionGroupType = wrapper.xcdatamodel;
		};
/* End XCVersionGroup section */
	};
	rootObject = BA7F3B661D3F0B6D001B4893 /* Project object */;
}
